
Microsoft Visual Studio Solution File, Format Version 10.00
# Visual Studio 2008
Project("{FAE04EC0-301F-11D3-BF4B-00C04F79EFBC}") = "SilverlightProekt2", "SilverlightProekt2\SilverlightProekt2.csproj", "{D4721689-6BE5-4CE7-BB76-E89361DAE121}"
EndProject
Project("{FAE04EC0-301F-11D3-BF4B-00C04F79EFBC}") = "SilverlightProekt2Screens", "SilverlightProekt2\SilverlightProekt2Screens\SilverlightProekt2Screens.csproj", "{8335DBC7-A6FD-4D51-BC01-5216D5FC5E80}"
EndProject
Global
	GlobalSection(SolutionConfigurationPlatforms) = preSolution
		Debug|Any CPU = Debug|Any CPU
		Release|Any CPU = Release|Any CPU
	EndGlobalSection
	GlobalSection(ProjectConfigurationPlatforms) = postSolution
		{D4721689-6BE5-4CE7-BB76-E89361DAE121}.Debug|Any CPU.ActiveCfg = Debug|Any CPU
		{D4721689-6BE5-4CE7-BB76-E89361DAE121}.Debug|Any CPU.Build.0 = Debug|Any CPU
		{D4721689-6BE5-4CE7-BB76-E89361DAE121}.Release|Any CPU.ActiveCfg = Release|Any CPU
		{D4721689-6BE5-4CE7-BB76-E89361DAE121}.Release|Any CPU.Build.0 = Release|Any CPU
		{8335DBC7-A6FD-4D51-BC01-5216D5FC5E80}.Debug|Any CPU.ActiveCfg = Debug|Any CPU
		{8335DBC7-A6FD-4D51-BC01-5216D5FC5E80}.Debug|Any CPU.Build.0 = Debug|Any CPU
		{8335DBC7-A6FD-4D51-BC01-5216D5FC5E80}.Release|Any CPU.ActiveCfg = Release|Any CPU
		{8335DBC7-A6FD-4D51-BC01-5216D5FC5E80}.Release|Any CPU.Build.0 = Release|Any CPU
	EndGlobalSection
EndGlobal
